# This file is generated by running "yarn install" inside your project.
# Manual changes might be lost - proceed with caution!

__metadata:
  version: 8
  cacheKey: 10c0

"@clerk/backend@npm:0.38.15":
  version: 0.38.15
  resolution: "@clerk/backend@npm:0.38.15"
  dependencies:
    "@clerk/shared": "npm:1.4.2"
    "@clerk/types": "npm:3.65.5"
    "@peculiar/webcrypto": "npm:1.4.1"
    "@types/node": "npm:16.18.6"
    cookie: "npm:0.5.0"
    deepmerge: "npm:4.2.2"
    node-fetch-native: "npm:1.0.1"
    snakecase-keys: "npm:5.4.4"
    tslib: "npm:2.4.1"
  checksum: 10c0/cbbaba91e031fa64c30ef0d3b6ac50ed3db866b527e0b6e312f1666ccce5d1a83921e5a145f40976bbb78a780f2f6752ded9f20e1268f98921a84a344df42095
  languageName: node
  linkType: hard

"@clerk/clerk-sdk-node@npm:^4.12.0":
  version: 4.13.23
  resolution: "@clerk/clerk-sdk-node@npm:4.13.23"
  dependencies:
    "@clerk/backend": "npm:0.38.15"
    "@clerk/shared": "npm:1.4.2"
    "@clerk/types": "npm:3.65.5"
    "@types/cookies": "npm:0.7.7"
    "@types/express": "npm:4.17.14"
    "@types/node-fetch": "npm:2.6.2"
    camelcase-keys: "npm:6.2.2"
    snakecase-keys: "npm:3.2.1"
    tslib: "npm:2.4.1"
  checksum: 10c0/50f3229a0834a470e9b53197f452bf0c1ecc6adf7917195f27930038e933da9acbf5ddad02e4860f0e1dfa9a8177e42945ebc7b6bd42c50f50d70bdec357ce6b
  languageName: node
  linkType: hard

"@clerk/shared@npm:1.4.2":
  version: 1.4.2
  resolution: "@clerk/shared@npm:1.4.2"
  dependencies:
    glob-to-regexp: "npm:0.4.1"
    js-cookie: "npm:3.0.1"
    swr: "npm:2.2.0"
  peerDependencies:
    react: ">=16"
  peerDependenciesMeta:
    react:
      optional: true
  checksum: 10c0/7fa73d5b5a4a25957c266bb26f80998cccb33ed5f56413d607c0a13509b16d90a90e4685a8c8186a713ff7c4e3196a8b51d394fa2bf0bb167d5501d880d5dfa6
  languageName: node
  linkType: hard

"@clerk/types@npm:3.65.5":
  version: 3.65.5
  resolution: "@clerk/types@npm:3.65.5"
  dependencies:
    csstype: "npm:3.1.1"
  checksum: 10c0/26c8b98292ed1684f83945c5842135137fb209ae73c51ac0f8830a8b7ad17f718fe9d3ed23af989d8af31dc6f47a5f9a620e25ae2d921b3244b9537253b18f86
  languageName: node
  linkType: hard

"@foresight-cdss-next/shared-layer@workspace:.":
  version: 0.0.0-use.local
  resolution: "@foresight-cdss-next/shared-layer@workspace:."
  dependencies:
    "@clerk/clerk-sdk-node": "npm:^4.12.0"
    jsonwebtoken: "npm:^9.0.0"
    node-fetch: "npm:^3.3.2"
  languageName: unknown
  linkType: soft

"@peculiar/asn1-schema@npm:^2.3.0, @peculiar/asn1-schema@npm:^2.3.13":
  version: 2.5.0
  resolution: "@peculiar/asn1-schema@npm:2.5.0"
  dependencies:
    asn1js: "npm:^3.0.6"
    pvtsutils: "npm:^1.3.6"
    tslib: "npm:^2.8.1"
  checksum: 10c0/17a3a68b9ac631beeea6fa6a86b5b95e2d91602d6c477f18374beadfbc71fd4cdbec3290233bf8eae0b216595229450b3cff8ba9c7b96b4a56d57cbbd41ff62f
  languageName: node
  linkType: hard

"@peculiar/json-schema@npm:^1.1.12":
  version: 1.1.12
  resolution: "@peculiar/json-schema@npm:1.1.12"
  dependencies:
    tslib: "npm:^2.0.0"
  checksum: 10c0/202132c66dcc6b6aca5d0af971c015be2e163da2f7f992910783c5d39c8a7db59b6ec4f4ce419459a1f954b7e1d17b6b253f0e60072c1b3d254079f4eaebc311
  languageName: node
  linkType: hard

"@peculiar/webcrypto@npm:1.4.1":
  version: 1.4.1
  resolution: "@peculiar/webcrypto@npm:1.4.1"
  dependencies:
    "@peculiar/asn1-schema": "npm:^2.3.0"
    "@peculiar/json-schema": "npm:^1.1.12"
    pvtsutils: "npm:^1.3.2"
    tslib: "npm:^2.4.1"
    webcrypto-core: "npm:^1.7.4"
  checksum: 10c0/5acf1b025664525452e2b0748573b0f4100c6840d71ff5577188dfb81b97d463911deff17b4b0c3e59f35fe93c54fec4591f1c42f0a54dae1d5710a03c5e55d3
  languageName: node
  linkType: hard

"@types/body-parser@npm:*":
  version: 1.19.6
  resolution: "@types/body-parser@npm:1.19.6"
  dependencies:
    "@types/connect": "npm:*"
    "@types/node": "npm:*"
  checksum: 10c0/542da05c924dce58ee23f50a8b981fee36921850c82222e384931fda3e106f750f7880c47be665217d72dbe445129049db6eb1f44e7a06b09d62af8f3cca8ea7
  languageName: node
  linkType: hard

"@types/connect@npm:*":
  version: 3.4.38
  resolution: "@types/connect@npm:3.4.38"
  dependencies:
    "@types/node": "npm:*"
  checksum: 10c0/2e1cdba2c410f25649e77856505cd60223250fa12dff7a503e492208dbfdd25f62859918f28aba95315251fd1f5e1ffbfca1e25e73037189ab85dd3f8d0a148c
  languageName: node
  linkType: hard

"@types/cookies@npm:0.7.7":
  version: 0.7.7
  resolution: "@types/cookies@npm:0.7.7"
  dependencies:
    "@types/connect": "npm:*"
    "@types/express": "npm:*"
    "@types/keygrip": "npm:*"
    "@types/node": "npm:*"
  checksum: 10c0/259883abcd884da8ca9c58b91c402aa04e78ea7a0fa6772d4951c44e0868a3722a6fff54c0ac796002affc0e5b18f374213b2d4904b4e5c7f0d78a7368c14242
  languageName: node
  linkType: hard

"@types/express-serve-static-core@npm:^4.17.18":
  version: 4.19.7
  resolution: "@types/express-serve-static-core@npm:4.19.7"
  dependencies:
    "@types/node": "npm:*"
    "@types/qs": "npm:*"
    "@types/range-parser": "npm:*"
    "@types/send": "npm:*"
  checksum: 10c0/c239df87863b8515e68dcb18203a9e2ba6108f86fdc385090284464a57a6dca6abb60a961cb6a73fea2110576f4f8acefa1cb06b60d14b6b0e5104478e7d57d1
  languageName: node
  linkType: hard

"@types/express-serve-static-core@npm:^5.0.0":
  version: 5.1.0
  resolution: "@types/express-serve-static-core@npm:5.1.0"
  dependencies:
    "@types/node": "npm:*"
    "@types/qs": "npm:*"
    "@types/range-parser": "npm:*"
    "@types/send": "npm:*"
  checksum: 10c0/1918233c68a0c69695f78331af1aed5fb5190f91da6309318f700adeb78573be840b5d206cb8eda804b65a9989fdeccdaaf84c1e95adc3615052749224b64519
  languageName: node
  linkType: hard

"@types/express@npm:*":
  version: 5.0.4
  resolution: "@types/express@npm:5.0.4"
  dependencies:
    "@types/body-parser": "npm:*"
    "@types/express-serve-static-core": "npm:^5.0.0"
    "@types/serve-static": "npm:*"
  checksum: 10c0/713f81ff2abc389d6288ba5e0f8edf3cba55b418340e4c248d55894502a136a963b88be1c9a50cbf3c066e3d057dbb1e262c92b9fe446bb51b6648e00bb57b62
  languageName: node
  linkType: hard

"@types/express@npm:4.17.14":
  version: 4.17.14
  resolution: "@types/express@npm:4.17.14"
  dependencies:
    "@types/body-parser": "npm:*"
    "@types/express-serve-static-core": "npm:^4.17.18"
    "@types/qs": "npm:*"
    "@types/serve-static": "npm:*"
  checksum: 10c0/616e3618dfcbafe387bf2213e1e40f77f101685f3e9efff47c66fd2da611b7578ed5f4e61e1cdb1f2a32c8f01eff4ee74f93c52ad56d45e69b7154da66b3443a
  languageName: node
  linkType: hard

"@types/http-errors@npm:*":
  version: 2.0.5
  resolution: "@types/http-errors@npm:2.0.5"
  checksum: 10c0/00f8140fbc504f47356512bd88e1910c2f07e04233d99c88c854b3600ce0523c8cd0ba7d1897667243282eb44c59abb9245959e2428b9de004f93937f52f7c15
  languageName: node
  linkType: hard

"@types/keygrip@npm:*":
  version: 1.0.6
  resolution: "@types/keygrip@npm:1.0.6"
  checksum: 10c0/1045a79913259f539ac1d04384ea8f61cf29f1d299040eb4b67d92304ec3bcea59b7e4b83cf95a73aa251ff62e55924e380d0c563a21fe8f6e91de20cc610386
  languageName: node
  linkType: hard

"@types/mime@npm:^1":
  version: 1.3.5
  resolution: "@types/mime@npm:1.3.5"
  checksum: 10c0/c2ee31cd9b993804df33a694d5aa3fa536511a49f2e06eeab0b484fef59b4483777dbb9e42a4198a0809ffbf698081fdbca1e5c2218b82b91603dfab10a10fbc
  languageName: node
  linkType: hard

"@types/node-fetch@npm:2.6.2":
  version: 2.6.2
  resolution: "@types/node-fetch@npm:2.6.2"
  dependencies:
    "@types/node": "npm:*"
    form-data: "npm:^3.0.0"
  checksum: 10c0/bd2ce7621905f9d80cd2fbe003d32a8d304f4aa53c12eb01a498255a1fc570d82216cff9a7ed38ff32570c78e46c924a8e23187a011ecfcfec4c530c7bdecdbb
  languageName: node
  linkType: hard

"@types/node@npm:*":
  version: 24.9.1
  resolution: "@types/node@npm:24.9.1"
  dependencies:
    undici-types: "npm:~7.16.0"
  checksum: 10c0/c52f8168080ef9a7c3dc23d8ac6061fab5371aad89231a0f6f4c075869bc3de7e89b075b1f3e3171d9e5143d0dda1807c3dab8e32eac6d68f02e7480e7e78576
  languageName: node
  linkType: hard

"@types/node@npm:16.18.6":
  version: 16.18.6
  resolution: "@types/node@npm:16.18.6"
  checksum: 10c0/88192f5cd3d21ca827898c903ce6fbb8a92a51d0f9d8f7e93ac3f2f3b46cdd9f29c969fe3af9ba004833bb265c6330042f37d11cd97b9e4f54dabf2b34399075
  languageName: node
  linkType: hard

"@types/qs@npm:*":
  version: 6.14.0
  resolution: "@types/qs@npm:6.14.0"
  checksum: 10c0/5b3036df6e507483869cdb3858201b2e0b64b4793dc4974f188caa5b5732f2333ab9db45c08157975054d3b070788b35088b4bc60257ae263885016ee2131310
  languageName: node
  linkType: hard

"@types/range-parser@npm:*":
  version: 1.2.7
  resolution: "@types/range-parser@npm:1.2.7"
  checksum: 10c0/361bb3e964ec5133fa40644a0b942279ed5df1949f21321d77de79f48b728d39253e5ce0408c9c17e4e0fd95ca7899da36841686393b9f7a1e209916e9381a3c
  languageName: node
  linkType: hard

"@types/send@npm:*":
  version: 1.2.1
  resolution: "@types/send@npm:1.2.1"
  dependencies:
    "@types/node": "npm:*"
  checksum: 10c0/7673747f8c2d8e67f3b1b3b57e9d4d681801a4f7b526ecf09987bb9a84a61cf94aa411c736183884dc762c1c402a61681eb1ef200d8d45d7e5ec0ab67ea5f6c1
  languageName: node
  linkType: hard

"@types/send@npm:<1":
  version: 0.17.6
  resolution: "@types/send@npm:0.17.6"
  dependencies:
    "@types/mime": "npm:^1"
    "@types/node": "npm:*"
  checksum: 10c0/a9d76797f0637738062f1b974e0fcf3d396a28c5dc18c3f95ecec5dabda82e223afbc2d56a0bca46b6326fd7bb229979916cea40de2270a98128fd94441b87c2
  languageName: node
  linkType: hard

"@types/serve-static@npm:*":
  version: 1.15.10
  resolution: "@types/serve-static@npm:1.15.10"
  dependencies:
    "@types/http-errors": "npm:*"
    "@types/node": "npm:*"
    "@types/send": "npm:<1"
  checksum: 10c0/842fca14c9e80468f89b6cea361773f2dcd685d4616a9f59013b55e1e83f536e4c93d6d8e3ba5072d40c4e7e64085210edd6646b15d538ded94512940a23021f
  languageName: node
  linkType: hard

"asn1js@npm:^3.0.5, asn1js@npm:^3.0.6":
  version: 3.0.6
  resolution: "asn1js@npm:3.0.6"
  dependencies:
    pvtsutils: "npm:^1.3.6"
    pvutils: "npm:^1.1.3"
    tslib: "npm:^2.8.1"
  checksum: 10c0/96d35e65e3df819ad9cc2d91d1150a3041fd84687a62faa73405e72a6b4c655bc2450e779fad524969e14eeac1f69db2559f27ef6d06ddeeddada28f72ad9b89
  languageName: node
  linkType: hard

"async-function@npm:^1.0.0":
  version: 1.0.0
  resolution: "async-function@npm:1.0.0"
  checksum: 10c0/669a32c2cb7e45091330c680e92eaeb791bc1d4132d827591e499cd1f776ff5a873e77e5f92d0ce795a8d60f10761dec9ddfe7225a5de680f5d357f67b1aac73
  languageName: node
  linkType: hard

"async-generator-function@npm:^1.0.0":
  version: 1.0.0
  resolution: "async-generator-function@npm:1.0.0"
  checksum: 10c0/2c50ef856c543ad500d8d8777d347e3c1ba623b93e99c9263ecc5f965c1b12d2a140e2ab6e43c3d0b85366110696f28114649411cbcd10b452a92a2318394186
  languageName: node
  linkType: hard

"asynckit@npm:^0.4.0":
  version: 0.4.0
  resolution: "asynckit@npm:0.4.0"
  checksum: 10c0/d73e2ddf20c4eb9337e1b3df1a0f6159481050a5de457c55b14ea2e5cb6d90bb69e004c9af54737a5ee0917fcf2c9e25de67777bbe58261847846066ba75bc9d
  languageName: node
  linkType: hard

"buffer-equal-constant-time@npm:^1.0.1":
  version: 1.0.1
  resolution: "buffer-equal-constant-time@npm:1.0.1"
  checksum: 10c0/fb2294e64d23c573d0dd1f1e7a466c3e978fe94a4e0f8183937912ca374619773bef8e2aceb854129d2efecbbc515bbd0cc78d2734a3e3031edb0888531bbc8e
  languageName: node
  linkType: hard

"call-bind-apply-helpers@npm:^1.0.1, call-bind-apply-helpers@npm:^1.0.2":
  version: 1.0.2
  resolution: "call-bind-apply-helpers@npm:1.0.2"
  dependencies:
    es-errors: "npm:^1.3.0"
    function-bind: "npm:^1.1.2"
  checksum: 10c0/47bd9901d57b857590431243fea704ff18078b16890a6b3e021e12d279bbf211d039155e27d7566b374d49ee1f8189344bac9833dec7a20cdec370506361c938
  languageName: node
  linkType: hard

"camelcase-keys@npm:6.2.2":
  version: 6.2.2
  resolution: "camelcase-keys@npm:6.2.2"
  dependencies:
    camelcase: "npm:^5.3.1"
    map-obj: "npm:^4.0.0"
    quick-lru: "npm:^4.0.1"
  checksum: 10c0/bf1a28348c0f285c6c6f68fb98a9d088d3c0269fed0cdff3ea680d5a42df8a067b4de374e7a33e619eb9d5266a448fe66c2dd1f8e0c9209ebc348632882a3526
  languageName: node
  linkType: hard

"camelcase@npm:^5.3.1":
  version: 5.3.1
  resolution: "camelcase@npm:5.3.1"
  checksum: 10c0/92ff9b443bfe8abb15f2b1513ca182d16126359ad4f955ebc83dc4ddcc4ef3fdd2c078bc223f2673dc223488e75c99b16cc4d056624374b799e6a1555cf61b23
  languageName: node
  linkType: hard

"combined-stream@npm:^1.0.8":
  version: 1.0.8
  resolution: "combined-stream@npm:1.0.8"
  dependencies:
    delayed-stream: "npm:~1.0.0"
  checksum: 10c0/0dbb829577e1b1e839fa82b40c07ffaf7de8a09b935cadd355a73652ae70a88b4320db322f6634a4ad93424292fa80973ac6480986247f1734a1137debf271d5
  languageName: node
  linkType: hard

"cookie@npm:0.5.0":
  version: 0.5.0
  resolution: "cookie@npm:0.5.0"
  checksum: 10c0/c01ca3ef8d7b8187bae434434582288681273b5a9ed27521d4d7f9f7928fe0c920df0decd9f9d3bbd2d14ac432b8c8cf42b98b3bdd5bfe0e6edddeebebe8b61d
  languageName: node
  linkType: hard

"csstype@npm:3.1.1":
  version: 3.1.1
  resolution: "csstype@npm:3.1.1"
  checksum: 10c0/7c8b8c5923049d84132581c13bae6e1faf999746fe3998ba5f3819a8e1cdc7512ace87b7d0a4a69f0f4b8ba11daf835d4f1390af23e09fc4f0baad52c084753a
  languageName: node
  linkType: hard

"data-uri-to-buffer@npm:^4.0.0":
  version: 4.0.1
  resolution: "data-uri-to-buffer@npm:4.0.1"
  checksum: 10c0/20a6b93107597530d71d4cb285acee17f66bcdfc03fd81040921a81252f19db27588d87fc8fc69e1950c55cfb0bf8ae40d0e5e21d907230813eb5d5a7f9eb45b
  languageName: node
  linkType: hard

"deepmerge@npm:4.2.2":
  version: 4.2.2
  resolution: "deepmerge@npm:4.2.2"
  checksum: 10c0/d6136eee869057fea7a829aa2d10073ed49db5216e42a77cc737dd385334aab9b68dae22020a00c24c073d5f79cbbdd3f11b8d4fc87700d112ddaa0e1f968ef2
  languageName: node
  linkType: hard

"delayed-stream@npm:~1.0.0":
  version: 1.0.0
  resolution: "delayed-stream@npm:1.0.0"
  checksum: 10c0/d758899da03392e6712f042bec80aa293bbe9e9ff1b2634baae6a360113e708b91326594c8a486d475c69d6259afb7efacdc3537bfcda1c6c648e390ce601b19
  languageName: node
  linkType: hard

"dot-case@npm:^3.0.4":
  version: 3.0.4
  resolution: "dot-case@npm:3.0.4"
  dependencies:
    no-case: "npm:^3.0.4"
    tslib: "npm:^2.0.3"
  checksum: 10c0/5b859ea65097a7ea870e2c91b5768b72ddf7fa947223fd29e167bcdff58fe731d941c48e47a38ec8aa8e43044c8fbd15cd8fa21689a526bc34b6548197cd5b05
  languageName: node
  linkType: hard

"dunder-proto@npm:^1.0.1":
  version: 1.0.1
  resolution: "dunder-proto@npm:1.0.1"
  dependencies:
    call-bind-apply-helpers: "npm:^1.0.1"
    es-errors: "npm:^1.3.0"
    gopd: "npm:^1.2.0"
  checksum: 10c0/199f2a0c1c16593ca0a145dbf76a962f8033ce3129f01284d48c45ed4e14fea9bbacd7b3610b6cdc33486cef20385ac054948fefc6272fcce645c09468f93031
  languageName: node
  linkType: hard

"ecdsa-sig-formatter@npm:1.0.11":
  version: 1.0.11
  resolution: "ecdsa-sig-formatter@npm:1.0.11"
  dependencies:
    safe-buffer: "npm:^5.0.1"
  checksum: 10c0/ebfbf19d4b8be938f4dd4a83b8788385da353d63307ede301a9252f9f7f88672e76f2191618fd8edfc2f24679236064176fab0b78131b161ee73daa37125408c
  languageName: node
  linkType: hard

"es-define-property@npm:^1.0.1":
  version: 1.0.1
  resolution: "es-define-property@npm:1.0.1"
  checksum: 10c0/3f54eb49c16c18707949ff25a1456728c883e81259f045003499efba399c08bad00deebf65cccde8c0e07908c1a225c9d472b7107e558f2a48e28d530e34527c
  languageName: node
  linkType: hard

"es-errors@npm:^1.3.0":
  version: 1.3.0
  resolution: "es-errors@npm:1.3.0"
  checksum: 10c0/0a61325670072f98d8ae3b914edab3559b6caa980f08054a3b872052640d91da01d38df55df797fcc916389d77fc92b8d5906cf028f4db46d7e3003abecbca85
  languageName: node
  linkType: hard

"es-object-atoms@npm:^1.0.0, es-object-atoms@npm:^1.1.1":
  version: 1.1.1
  resolution: "es-object-atoms@npm:1.1.1"
  dependencies:
    es-errors: "npm:^1.3.0"
  checksum: 10c0/65364812ca4daf48eb76e2a3b7a89b3f6a2e62a1c420766ce9f692665a29d94fe41fe88b65f24106f449859549711e4b40d9fb8002d862dfd7eb1c512d10be0c
  languageName: node
  linkType: hard

"es-set-tostringtag@npm:^2.1.0":
  version: 2.1.0
  resolution: "es-set-tostringtag@npm:2.1.0"
  dependencies:
    es-errors: "npm:^1.3.0"
    get-intrinsic: "npm:^1.2.6"
    has-tostringtag: "npm:^1.0.2"
    hasown: "npm:^2.0.2"
  checksum: 10c0/ef2ca9ce49afe3931cb32e35da4dcb6d86ab02592cfc2ce3e49ced199d9d0bb5085fc7e73e06312213765f5efa47cc1df553a6a5154584b21448e9fb8355b1af
  languageName: node
  linkType: hard

"fetch-blob@npm:^3.1.2, fetch-blob@npm:^3.1.4":
  version: 3.2.0
  resolution: "fetch-blob@npm:3.2.0"
  dependencies:
    node-domexception: "npm:^1.0.0"
    web-streams-polyfill: "npm:^3.0.3"
  checksum: 10c0/60054bf47bfa10fb0ba6cb7742acec2f37c1f56344f79a70bb8b1c48d77675927c720ff3191fa546410a0442c998d27ab05e9144c32d530d8a52fbe68f843b69
  languageName: node
  linkType: hard

"form-data@npm:^3.0.0":
  version: 3.0.4
  resolution: "form-data@npm:3.0.4"
  dependencies:
    asynckit: "npm:^0.4.0"
    combined-stream: "npm:^1.0.8"
    es-set-tostringtag: "npm:^2.1.0"
    hasown: "npm:^2.0.2"
    mime-types: "npm:^2.1.35"
  checksum: 10c0/2451043b3e931653ce9690ba051b0bf1b5855a63029279bd7bdf8d02e4b5b42f4582b23ed3637df27a0d21bac2013c37d165ec9486e1af2470c13114aee83acc
  languageName: node
  linkType: hard

"formdata-polyfill@npm:^4.0.10":
  version: 4.0.10
  resolution: "formdata-polyfill@npm:4.0.10"
  dependencies:
    fetch-blob: "npm:^3.1.2"
  checksum: 10c0/5392ec484f9ce0d5e0d52fb5a78e7486637d516179b0eb84d81389d7eccf9ca2f663079da56f761355c0a65792810e3b345dc24db9a8bbbcf24ef3c8c88570c6
  languageName: node
  linkType: hard

"function-bind@npm:^1.1.2":
  version: 1.1.2
  resolution: "function-bind@npm:1.1.2"
  checksum: 10c0/d8680ee1e5fcd4c197e4ac33b2b4dce03c71f4d91717292785703db200f5c21f977c568d28061226f9b5900cbcd2c84463646134fd5337e7925e0942bc3f46d5
  languageName: node
  linkType: hard

"generator-function@npm:^2.0.0":
  version: 2.0.1
  resolution: "generator-function@npm:2.0.1"
  checksum: 10c0/8a9f59df0f01cfefafdb3b451b80555e5cf6d76487095db91ac461a0e682e4ff7a9dbce15f4ecec191e53586d59eece01949e05a4b4492879600bbbe8e28d6b8
  languageName: node
  linkType: hard

"get-intrinsic@npm:^1.2.6":
  version: 1.3.1
  resolution: "get-intrinsic@npm:1.3.1"
  dependencies:
    async-function: "npm:^1.0.0"
    async-generator-function: "npm:^1.0.0"
    call-bind-apply-helpers: "npm:^1.0.2"
    es-define-property: "npm:^1.0.1"
    es-errors: "npm:^1.3.0"
    es-object-atoms: "npm:^1.1.1"
    function-bind: "npm:^1.1.2"
    generator-function: "npm:^2.0.0"
    get-proto: "npm:^1.0.1"
    gopd: "npm:^1.2.0"
    has-symbols: "npm:^1.1.0"
    hasown: "npm:^2.0.2"
    math-intrinsics: "npm:^1.1.0"
  checksum: 10c0/9f4ab0cf7efe0fd2c8185f52e6f637e708f3a112610c88869f8f041bb9ecc2ce44bf285dfdbdc6f4f7c277a5b88d8e94a432374d97cca22f3de7fc63795deb5d
  languageName: node
  linkType: hard

"get-proto@npm:^1.0.1":
  version: 1.0.1
  resolution: "get-proto@npm:1.0.1"
  dependencies:
    dunder-proto: "npm:^1.0.1"
    es-object-atoms: "npm:^1.0.0"
  checksum: 10c0/9224acb44603c5526955e83510b9da41baf6ae73f7398875fba50edc5e944223a89c4a72b070fcd78beb5f7bdda58ecb6294adc28f7acfc0da05f76a2399643c
  languageName: node
  linkType: hard

"glob-to-regexp@npm:0.4.1":
  version: 0.4.1
  resolution: "glob-to-regexp@npm:0.4.1"
  checksum: 10c0/0486925072d7a916f052842772b61c3e86247f0a80cc0deb9b5a3e8a1a9faad5b04fb6f58986a09f34d3e96cd2a22a24b7e9882fb1cf904c31e9a310de96c429
  languageName: node
  linkType: hard

"gopd@npm:^1.2.0":
  version: 1.2.0
  resolution: "gopd@npm:1.2.0"
  checksum: 10c0/50fff1e04ba2b7737c097358534eacadad1e68d24cccee3272e04e007bed008e68d2614f3987788428fd192a5ae3889d08fb2331417e4fc4a9ab366b2043cead
  languageName: node
  linkType: hard

"has-symbols@npm:^1.0.3, has-symbols@npm:^1.1.0":
  version: 1.1.0
  resolution: "has-symbols@npm:1.1.0"
  checksum: 10c0/dde0a734b17ae51e84b10986e651c664379018d10b91b6b0e9b293eddb32f0f069688c841fb40f19e9611546130153e0a2a48fd7f512891fb000ddfa36f5a20e
  languageName: node
  linkType: hard

"has-tostringtag@npm:^1.0.2":
  version: 1.0.2
  resolution: "has-tostringtag@npm:1.0.2"
  dependencies:
    has-symbols: "npm:^1.0.3"
  checksum: 10c0/a8b166462192bafe3d9b6e420a1d581d93dd867adb61be223a17a8d6dad147aa77a8be32c961bb2f27b3ef893cae8d36f564ab651f5e9b7938ae86f74027c48c
  languageName: node
  linkType: hard

"hasown@npm:^2.0.2":
  version: 2.0.2
  resolution: "hasown@npm:2.0.2"
  dependencies:
    function-bind: "npm:^1.1.2"
  checksum: 10c0/3769d434703b8ac66b209a4cca0737519925bbdb61dd887f93a16372b14694c63ff4e797686d87c90f08168e81082248b9b028bad60d4da9e0d1148766f56eb9
  languageName: node
  linkType: hard

"js-cookie@npm:3.0.1":
  version: 3.0.1
  resolution: "js-cookie@npm:3.0.1"
  checksum: 10c0/a7dab91286c49610fb198bcc0d78fbafe9be869cf3cea6f7eaea515abdfdc9d347982fe22316e34666b479a0701119482d46faa3a350a3a3404eb954405edf72
  languageName: node
  linkType: hard

"jsonwebtoken@npm:^9.0.0":
  version: 9.0.2
  resolution: "jsonwebtoken@npm:9.0.2"
  dependencies:
    jws: "npm:^3.2.2"
    lodash.includes: "npm:^4.3.0"
    lodash.isboolean: "npm:^3.0.3"
    lodash.isinteger: "npm:^4.0.4"
    lodash.isnumber: "npm:^3.0.3"
    lodash.isplainobject: "npm:^4.0.6"
    lodash.isstring: "npm:^4.0.1"
    lodash.once: "npm:^4.0.0"
    ms: "npm:^2.1.1"
    semver: "npm:^7.5.4"
  checksum: 10c0/d287a29814895e866db2e5a0209ce730cbc158441a0e5a70d5e940eb0d28ab7498c6bf45029cc8b479639bca94056e9a7f254e2cdb92a2f5750c7f358657a131
  languageName: node
  linkType: hard

"jwa@npm:^1.4.1":
  version: 1.4.2
  resolution: "jwa@npm:1.4.2"
  dependencies:
    buffer-equal-constant-time: "npm:^1.0.1"
    ecdsa-sig-formatter: "npm:1.0.11"
    safe-buffer: "npm:^5.0.1"
  checksum: 10c0/210a544a42ca22203e8fc538835205155ba3af6a027753109f9258bdead33086bac3c25295af48ac1981f87f9c5f941bc8f70303670f54ea7dcaafb53993d92c
  languageName: node
  linkType: hard

"jws@npm:^3.2.2":
  version: 3.2.2
  resolution: "jws@npm:3.2.2"
  dependencies:
    jwa: "npm:^1.4.1"
    safe-buffer: "npm:^5.0.1"
  checksum: 10c0/e770704533d92df358adad7d1261fdecad4d7b66fa153ba80d047e03ca0f1f73007ce5ed3fbc04d2eba09ba6e7e6e645f351e08e5ab51614df1b0aa4f384dfff
  languageName: node
  linkType: hard

"lodash.includes@npm:^4.3.0":
  version: 4.3.0
  resolution: "lodash.includes@npm:4.3.0"
  checksum: 10c0/7ca498b9b75bf602d04e48c0adb842dfc7d90f77bcb2a91a2b2be34a723ad24bc1c8b3683ec6b2552a90f216c723cdea530ddb11a3320e08fa38265703978f4b
  languageName: node
  linkType: hard

"lodash.isboolean@npm:^3.0.3":
  version: 3.0.3
  resolution: "lodash.isboolean@npm:3.0.3"
  checksum: 10c0/0aac604c1ef7e72f9a6b798e5b676606042401dd58e49f051df3cc1e3adb497b3d7695635a5cbec4ae5f66456b951fdabe7d6b387055f13267cde521f10ec7f7
  languageName: node
  linkType: hard

"lodash.isinteger@npm:^4.0.4":
  version: 4.0.4
  resolution: "lodash.isinteger@npm:4.0.4"
  checksum: 10c0/4c3e023a2373bf65bf366d3b8605b97ec830bca702a926939bcaa53f8e02789b6a176e7f166b082f9365bfec4121bfeb52e86e9040cb8d450e64c858583f61b7
  languageName: node
  linkType: hard

"lodash.isnumber@npm:^3.0.3":
  version: 3.0.3
  resolution: "lodash.isnumber@npm:3.0.3"
  checksum: 10c0/2d01530513a1ee4f72dd79528444db4e6360588adcb0e2ff663db2b3f642d4bb3d687051ae1115751ca9082db4fdef675160071226ca6bbf5f0c123dbf0aa12d
  languageName: node
  linkType: hard

"lodash.isplainobject@npm:^4.0.6":
  version: 4.0.6
  resolution: "lodash.isplainobject@npm:4.0.6"
  checksum: 10c0/afd70b5c450d1e09f32a737bed06ff85b873ecd3d3d3400458725283e3f2e0bb6bf48e67dbe7a309eb371a822b16a26cca4a63c8c52db3fc7dc9d5f9dd324cbb
  languageName: node
  linkType: hard

"lodash.isstring@npm:^4.0.1":
  version: 4.0.1
  resolution: "lodash.isstring@npm:4.0.1"
  checksum: 10c0/09eaf980a283f9eef58ef95b30ec7fee61df4d6bf4aba3b5f096869cc58f24c9da17900febc8ffd67819b4e29de29793190e88dc96983db92d84c95fa85d1c92
  languageName: node
  linkType: hard

"lodash.once@npm:^4.0.0":
  version: 4.1.1
  resolution: "lodash.once@npm:4.1.1"
  checksum: 10c0/46a9a0a66c45dd812fcc016e46605d85ad599fe87d71a02f6736220554b52ffbe82e79a483ad40f52a8a95755b0d1077fba259da8bfb6694a7abbf4a48f1fc04
  languageName: node
  linkType: hard

"lower-case@npm:^2.0.2":
  version: 2.0.2
  resolution: "lower-case@npm:2.0.2"
  dependencies:
    tslib: "npm:^2.0.3"
  checksum: 10c0/3d925e090315cf7dc1caa358e0477e186ffa23947740e4314a7429b6e62d72742e0bbe7536a5ae56d19d7618ce998aba05caca53c2902bd5742fdca5fc57fd7b
  languageName: node
  linkType: hard

"map-obj@npm:^4.0.0, map-obj@npm:^4.1.0":
  version: 4.3.0
  resolution: "map-obj@npm:4.3.0"
  checksum: 10c0/1c19e1c88513c8abdab25c316367154c6a0a6a0f77e3e8c391bb7c0e093aefed293f539d026dc013d86219e5e4c25f23b0003ea588be2101ccd757bacc12d43b
  languageName: node
  linkType: hard

"math-intrinsics@npm:^1.1.0":
  version: 1.1.0
  resolution: "math-intrinsics@npm:1.1.0"
  checksum: 10c0/7579ff94e899e2f76ab64491d76cf606274c874d8f2af4a442c016bd85688927fcfca157ba6bf74b08e9439dc010b248ce05b96cc7c126a354c3bae7fcb48b7f
  languageName: node
  linkType: hard

"mime-db@npm:1.52.0":
  version: 1.52.0
  resolution: "mime-db@npm:1.52.0"
  checksum: 10c0/0557a01deebf45ac5f5777fe7740b2a5c309c6d62d40ceab4e23da9f821899ce7a900b7ac8157d4548ddbb7beffe9abc621250e6d182b0397ec7f10c7b91a5aa
  languageName: node
  linkType: hard

"mime-types@npm:^2.1.35":
  version: 2.1.35
  resolution: "mime-types@npm:2.1.35"
  dependencies:
    mime-db: "npm:1.52.0"
  checksum: 10c0/82fb07ec56d8ff1fc999a84f2f217aa46cb6ed1033fefaabd5785b9a974ed225c90dc72fff460259e66b95b73648596dbcc50d51ed69cdf464af2d237d3149b2
  languageName: node
  linkType: hard

"ms@npm:^2.1.1":
  version: 2.1.3
  resolution: "ms@npm:2.1.3"
  checksum: 10c0/d924b57e7312b3b63ad21fc5b3dc0af5e78d61a1fc7cfb5457edaf26326bf62be5307cc87ffb6862ef1c2b33b0233cdb5d4f01c4c958cc0d660948b65a287a48
  languageName: node
  linkType: hard

"no-case@npm:^3.0.4":
  version: 3.0.4
  resolution: "no-case@npm:3.0.4"
  dependencies:
    lower-case: "npm:^2.0.2"
    tslib: "npm:^2.0.3"
  checksum: 10c0/8ef545f0b3f8677c848f86ecbd42ca0ff3cd9dd71c158527b344c69ba14710d816d8489c746b6ca225e7b615108938a0bda0a54706f8c255933703ac1cf8e703
  languageName: node
  linkType: hard

"node-domexception@npm:^1.0.0":
  version: 1.0.0
  resolution: "node-domexception@npm:1.0.0"
  checksum: 10c0/5e5d63cda29856402df9472335af4bb13875e1927ad3be861dc5ebde38917aecbf9ae337923777af52a48c426b70148815e890a5d72760f1b4d758cc671b1a2b
  languageName: node
  linkType: hard

"node-fetch-native@npm:1.0.1":
  version: 1.0.1
  resolution: "node-fetch-native@npm:1.0.1"
  checksum: 10c0/27841116388ea5309037400de7fa1003712e974dc57a048f78e5fc659fa80095403f34051c069096a9bd705c7445876d88624121365847f617520325693d67c8
  languageName: node
  linkType: hard

"node-fetch@npm:^3.3.2":
  version: 3.3.2
  resolution: "node-fetch@npm:3.3.2"
  dependencies:
    data-uri-to-buffer: "npm:^4.0.0"
    fetch-blob: "npm:^3.1.4"
    formdata-polyfill: "npm:^4.0.10"
  checksum: 10c0/f3d5e56190562221398c9f5750198b34cf6113aa304e34ee97c94fd300ec578b25b2c2906edba922050fce983338fde0d5d34fcb0fc3336ade5bd0e429ad7538
  languageName: node
  linkType: hard

"pvtsutils@npm:^1.3.2, pvtsutils@npm:^1.3.5, pvtsutils@npm:^1.3.6":
  version: 1.3.6
  resolution: "pvtsutils@npm:1.3.6"
  dependencies:
    tslib: "npm:^2.8.1"
  checksum: 10c0/b1b42646370505ccae536dcffa662303b2c553995211330c8e39dec9ab8c197585d7751c2c5b9ab2f186feda0219d9bb23c34ee1e565573be96450f79d89a13c
  languageName: node
  linkType: hard

"pvutils@npm:^1.1.3":
  version: 1.1.5
  resolution: "pvutils@npm:1.1.5"
  checksum: 10c0/e968b07b78a58fec9377fe7aa6342c8cfa21c8fb4afc4e51e1489bd42bec6dc71b8a52541d0aede0aea17adec7ca3f89f29f56efdc31d0083cc02e9bb5721bcf
  languageName: node
  linkType: hard

"quick-lru@npm:^4.0.1":
  version: 4.0.1
  resolution: "quick-lru@npm:4.0.1"
  checksum: 10c0/f9b1596fa7595a35c2f9d913ac312fede13d37dc8a747a51557ab36e11ce113bbe88ef4c0154968845559a7709cb6a7e7cbe75f7972182451cd45e7f057a334d
  languageName: node
  linkType: hard

"safe-buffer@npm:^5.0.1":
  version: 5.2.1
  resolution: "safe-buffer@npm:5.2.1"
  checksum: 10c0/6501914237c0a86e9675d4e51d89ca3c21ffd6a31642efeba25ad65720bce6921c9e7e974e5be91a786b25aa058b5303285d3c15dbabf983a919f5f630d349f3
  languageName: node
  linkType: hard

"semver@npm:^7.5.4":
  version: 7.7.3
  resolution: "semver@npm:7.7.3"
  bin:
    semver: bin/semver.js
  checksum: 10c0/4afe5c986567db82f44c8c6faef8fe9df2a9b1d98098fc1721f57c696c4c21cebd572f297fc21002f81889492345b8470473bc6f4aff5fb032a6ea59ea2bc45e
  languageName: node
  linkType: hard

"snake-case@npm:^3.0.4":
  version: 3.0.4
  resolution: "snake-case@npm:3.0.4"
  dependencies:
    dot-case: "npm:^3.0.4"
    tslib: "npm:^2.0.3"
  checksum: 10c0/ab19a913969f58f4474fe9f6e8a026c8a2142a01f40b52b79368068343177f818cdfef0b0c6b9558f298782441d5ca8ed5932eb57822439fad791d866e62cecd
  languageName: node
  linkType: hard

"snakecase-keys@npm:3.2.1":
  version: 3.2.1
  resolution: "snakecase-keys@npm:3.2.1"
  dependencies:
    map-obj: "npm:^4.1.0"
    to-snake-case: "npm:^1.0.0"
  checksum: 10c0/ead9fda98fe2ff2ec03b2169867a695c4c8cd2d624025fcaa24df68733c92a6de0a1e070e2b6b490b41ced7f2e0ad47256245c6f05e045acba7e76061731198c
  languageName: node
  linkType: hard

"snakecase-keys@npm:5.4.4":
  version: 5.4.4
  resolution: "snakecase-keys@npm:5.4.4"
  dependencies:
    map-obj: "npm:^4.1.0"
    snake-case: "npm:^3.0.4"
    type-fest: "npm:^2.5.2"
  checksum: 10c0/72afc51818d9f8cee00b4ccdc3b83bb26e48de21c4ef77d28d0d70b431bec17e48aa3e64c2c418fd9f2b70ac0a8afce24b4e615238877c4ee451b5212b983fb0
  languageName: node
  linkType: hard

"swr@npm:2.2.0":
  version: 2.2.0
  resolution: "swr@npm:2.2.0"
  dependencies:
    use-sync-external-store: "npm:^1.2.0"
  peerDependencies:
    react: ^16.11.0 || ^17.0.0 || ^18.0.0
  checksum: 10c0/f631dfd206a989313cd82e7d9477b11af08496000c339752c745e8b42ba58667528ee0c70ea529910a7b6dee9b4085e8a2cd622efb70b9709883211111e0d756
  languageName: node
  linkType: hard

"to-no-case@npm:^1.0.0":
  version: 1.0.2
  resolution: "to-no-case@npm:1.0.2"
  checksum: 10c0/c035b04e1042ed67ceb23dc5c7c20ccde11a83ab1d2b3947c17918472b5d26dd4ffdb4cf9464752e7707ab9f3af4a106f9b61244c724bc6810422acd5984da3d
  languageName: node
  linkType: hard

"to-snake-case@npm:^1.0.0":
  version: 1.0.0
  resolution: "to-snake-case@npm:1.0.0"
  dependencies:
    to-space-case: "npm:^1.0.0"
  checksum: 10c0/46abf18ca90441c7dd6138e1db3169f66ab1311b36930a2daa96289c3ad49e568de7de8b1ddea971c4fbb4a3a7cde1d08aefa0fe41d5e917e6d69eaf1075faba
  languageName: node
  linkType: hard

"to-space-case@npm:^1.0.0":
  version: 1.0.0
  resolution: "to-space-case@npm:1.0.0"
  dependencies:
    to-no-case: "npm:^1.0.0"
  checksum: 10c0/b99e1b5d0f3c90a8d47fa3b155d515027bd83a370740e82ee7cb064f86e3655f030f068bddcb8d18239e7408761b4376d89ab91e5ccdb17dc859d8fd4f570ac5
  languageName: node
  linkType: hard

"tslib@npm:2.4.1":
  version: 2.4.1
  resolution: "tslib@npm:2.4.1"
  checksum: 10c0/9ac0e4fd1033861f0b4f0d848dc3009ebcc3aa4757a06e8602a2d8a7aed252810e3540e54e70709f06c0f95311faa8584f769bcbede48aff785eb7e4d399b9ec
  languageName: node
  linkType: hard

"tslib@npm:^2.0.0, tslib@npm:^2.0.3, tslib@npm:^2.4.1, tslib@npm:^2.7.0, tslib@npm:^2.8.1":
  version: 2.8.1
  resolution: "tslib@npm:2.8.1"
  checksum: 10c0/9c4759110a19c53f992d9aae23aac5ced636e99887b51b9e61def52611732872ff7668757d4e4c61f19691e36f4da981cd9485e869b4a7408d689f6bf1f14e62
  languageName: node
  linkType: hard

"type-fest@npm:^2.5.2":
  version: 2.19.0
  resolution: "type-fest@npm:2.19.0"
  checksum: 10c0/a5a7ecf2e654251613218c215c7493574594951c08e52ab9881c9df6a6da0aeca7528c213c622bc374b4e0cb5c443aa3ab758da4e3c959783ce884c3194e12cb
  languageName: node
  linkType: hard

"undici-types@npm:~7.16.0":
  version: 7.16.0
  resolution: "undici-types@npm:7.16.0"
  checksum: 10c0/3033e2f2b5c9f1504bdc5934646cb54e37ecaca0f9249c983f7b1fc2e87c6d18399ebb05dc7fd5419e02b2e915f734d872a65da2e3eeed1813951c427d33cc9a
  languageName: node
  linkType: hard

"use-sync-external-store@npm:^1.2.0":
  version: 1.6.0
  resolution: "use-sync-external-store@npm:1.6.0"
  peerDependencies:
    react: ^16.8.0 || ^17.0.0 || ^18.0.0 || ^19.0.0
  checksum: 10c0/35e1179f872a53227bdf8a827f7911da4c37c0f4091c29b76b1e32473d1670ebe7bcd880b808b7549ba9a5605c233350f800ffab963ee4a4ee346ee983b6019b
  languageName: node
  linkType: hard

"web-streams-polyfill@npm:^3.0.3":
  version: 3.3.3
  resolution: "web-streams-polyfill@npm:3.3.3"
  checksum: 10c0/64e855c47f6c8330b5436147db1c75cb7e7474d924166800e8e2aab5eb6c76aac4981a84261dd2982b3e754490900b99791c80ae1407a9fa0dcff74f82ea3a7f
  languageName: node
  linkType: hard

"webcrypto-core@npm:^1.7.4":
  version: 1.8.1
  resolution: "webcrypto-core@npm:1.8.1"
  dependencies:
    "@peculiar/asn1-schema": "npm:^2.3.13"
    "@peculiar/json-schema": "npm:^1.1.12"
    asn1js: "npm:^3.0.5"
    pvtsutils: "npm:^1.3.5"
    tslib: "npm:^2.7.0"
  checksum: 10c0/b85a986b4f73e8505ec5eaafe8e4f1ff02574a3b655793aca91f913d02822c8b79168ad6961eaab86ae00fec00bf780ec4cef7535f64879fb866649bc2a723fa
  languageName: node
  linkType: hard
